
Microsoft Visual Studio Solution File, Format Version 12.00
# Visual Studio 15
VisualStudioVersion = 15.0.28307.421
MinimumVisualStudioVersion = 10.0.40219.1
Project("{FAE04EC0-301F-11D3-BF4B-00C04F79EFBC}") = "TestBlankForm.Android", "TestBlankForm\TestBlankForm.Android\TestBlankForm.Android.csproj", "{6656ADB3-DE5F-4649-8D67-09274187E7F0}"
EndProject
Project("{FAE04EC0-301F-11D3-BF4B-00C04F79EFBC}") = "TestBlankForm", "TestBlankForm\TestBlankForm\TestBlankForm.csproj", "{847A2C9F-181E-49CB-BA6A-17FBAF4881E0}"
EndProject
Project("{FAE04EC0-301F-11D3-BF4B-00C04F79EFBC}") = "TestBlankForm.iOS", "TestBlankForm\TestBlankForm.iOS\TestBlankForm.iOS.csproj", "{39C436C5-1E38-4E3B-8B91-84F0829B96CA}"
EndProject
Global
	GlobalSection(SolutionConfigurationPlatforms) = preSolution
		Debug|Any CPU = Debug|Any CPU
		Release|Any CPU = Release|Any CPU
		Debug|iPhoneSimulator = Debug|iPhoneSimulator
		Release|iPhoneSimulator = Release|iPhoneSimulator
		Debug|iPhone = Debug|iPhone
		Release|iPhone = Release|iPhone
		Ad-Hoc|iPhone = Ad-Hoc|iPhone
		AppStore|iPhone = AppStore|iPhone
	EndGlobalSection
	GlobalSection(ProjectConfigurationPlatforms) = postSolution
		{6656ADB3-DE5F-4649-8D67-09274187E7F0}.Debug|Any CPU.ActiveCfg = Debug|Any CPU
		{6656ADB3-DE5F-4649-8D67-09274187E7F0}.Debug|Any CPU.Build.0 = Debug|Any CPU
		{6656ADB3-DE5F-4649-8D67-09274187E7F0}.Debug|Any CPU.Deploy.0 = Debug|Any CPU
		{6656ADB3-DE5F-4649-8D67-09274187E7F0}.Release|Any CPU.ActiveCfg = Release|Any CPU
		{6656ADB3-DE5F-4649-8D67-09274187E7F0}.Release|Any CPU.Build.0 = Release|Any CPU
		{6656ADB3-DE5F-4649-8D67-09274187E7F0}.Release|Any CPU.Deploy.0 = Release|Any CPU
		{6656ADB3-DE5F-4649-8D67-09274187E7F0}.Debug|iPhoneSimulator.ActiveCfg = Debug|Any CPU
		{6656ADB3-DE5F-4649-8D67-09274187E7F0}.Debug|iPhoneSimulator.Build.0 = Debug|Any CPU
		{6656ADB3-DE5F-4649-8D67-09274187E7F0}.Release|iPhoneSimulator.ActiveCfg = Release|Any CPU
		{6656ADB3-DE5F-4649-8D67-09274187E7F0}.Release|iPhoneSimulator.Build.0 = Release|Any CPU
		{6656ADB3-DE5F-4649-8D67-09274187E7F0}.Debug|iPhone.ActiveCfg = Debug|Any CPU
		{6656ADB3-DE5F-4649-8D67-09274187E7F0}.Debug|iPhone.Build.0 = Debug|Any CPU
		{6656ADB3-DE5F-4649-8D67-09274187E7F0}.Release|iPhone.ActiveCfg = Release|Any CPU
		{6656ADB3-DE5F-4649-8D67-09274187E7F0}.Release|iPhone.Build.0 = Release|Any CPU
		{6656ADB3-DE5F-4649-8D67-09274187E7F0}.Ad-Hoc|iPhone.ActiveCfg = Debug|Any CPU
		{6656ADB3-DE5F-4649-8D67-09274187E7F0}.Ad-Hoc|iPhone.Build.0 = Debug|Any CPU
		{6656ADB3-DE5F-4649-8D67-09274187E7F0}.AppStore|iPhone.ActiveCfg = Debug|Any CPU
		{6656ADB3-DE5F-4649-8D67-09274187E7F0}.AppStore|iPhone.Build.0 = Debug|Any CPU
		{847A2C9F-181E-49CB-BA6A-17FBAF4881E0}.Debug|Any CPU.ActiveCfg = Debug|Any CPU
		{847A2C9F-181E-49CB-BA6A-17FBAF4881E0}.Debug|Any CPU.Build.0 = Debug|Any CPU
		{847A2C9F-181E-49CB-BA6A-17FBAF4881E0}.Debug|Any CPU.Deploy.0 = Debug|Any CPU
		{847A2C9F-181E-49CB-BA6A-17FBAF4881E0}.Release|Any CPU.ActiveCfg = Release|Any CPU
		{847A2C9F-181E-49CB-BA6A-17FBAF4881E0}.Release|Any CPU.Build.0 = Release|Any CPU
		{847A2C9F-181E-49CB-BA6A-17FBAF4881E0}.Release|Any CPU.Deploy.0 = Release|Any CPU
		{847A2C9F-181E-49CB-BA6A-17FBAF4881E0}.Debug|iPhoneSimulator.ActiveCfg = Debug|Any CPU
		{847A2C9F-181E-49CB-BA6A-17FBAF4881E0}.Debug|iPhoneSimulator.Build.0 = Debug|Any CPU
		{847A2C9F-181E-49CB-BA6A-17FBAF4881E0}.Release|iPhoneSimulator.ActiveCfg = Release|Any CPU
		{847A2C9F-181E-49CB-BA6A-17FBAF4881E0}.Release|iPhoneSimulator.Build.0 = Release|Any CPU
		{847A2C9F-181E-49CB-BA6A-17FBAF4881E0}.Debug|iPhone.ActiveCfg = Debug|Any CPU
		{847A2C9F-181E-49CB-BA6A-17FBAF4881E0}.Debug|iPhone.Build.0 = Debug|Any CPU
		{847A2C9F-181E-49CB-BA6A-17FBAF4881E0}.Release|iPhone.ActiveCfg = Release|Any CPU
		{847A2C9F-181E-49CB-BA6A-17FBAF4881E0}.Release|iPhone.Build.0 = Release|Any CPU
		{847A2C9F-181E-49CB-BA6A-17FBAF4881E0}.Ad-Hoc|iPhone.ActiveCfg = Debug|Any CPU
		{847A2C9F-181E-49CB-BA6A-17FBAF4881E0}.Ad-Hoc|iPhone.Build.0 = Debug|Any CPU
		{847A2C9F-181E-49CB-BA6A-17FBAF4881E0}.AppStore|iPhone.ActiveCfg = Debug|Any CPU
		{847A2C9F-181E-49CB-BA6A-17FBAF4881E0}.AppStore|iPhone.Build.0 = Debug|Any CPU
		{39C436C5-1E38-4E3B-8B91-84F0829B96CA}.Debug|Any CPU.ActiveCfg = Debug|iPhoneSimulator
		{39C436C5-1E38-4E3B-8B91-84F0829B96CA}.Debug|Any CPU.Build.0 = Debug|iPhoneSimulator
		{39C436C5-1E38-4E3B-8B91-84F0829B96CA}.Release|Any CPU.ActiveCfg = Release|iPhoneSimulator
		{39C436C5-1E38-4E3B-8B91-84F0829B96CA}.Release|Any CPU.Build.0 = Release|iPhoneSimulator
		{39C436C5-1E38-4E3B-8B91-84F0829B96CA}.Debug|iPhoneSimulator.ActiveCfg = Debug|iPhoneSimulator
		{39C436C5-1E38-4E3B-8B91-84F0829B96CA}.Debug|iPhoneSimulator.Build.0 = Debug|iPhoneSimulator
		{39C436C5-1E38-4E3B-8B91-84F0829B96CA}.Release|iPhoneSimulator.ActiveCfg = Release|iPhoneSimulator
		{39C436C5-1E38-4E3B-8B91-84F0829B96CA}.Release|iPhoneSimulator.Build.0 = Release|iPhoneSimulator
		{39C436C5-1E38-4E3B-8B91-84F0829B96CA}.Debug|iPhone.ActiveCfg = Debug|iPhone
		{39C436C5-1E38-4E3B-8B91-84F0829B96CA}.Debug|iPhone.Build.0 = Debug|iPhone
		{39C436C5-1E38-4E3B-8B91-84F0829B96CA}.Release|iPhone.ActiveCfg = Release|iPhone
		{39C436C5-1E38-4E3B-8B91-84F0829B96CA}.Release|iPhone.Build.0 = Release|iPhone
		{39C436C5-1E38-4E3B-8B91-84F0829B96CA}.Ad-Hoc|iPhone.ActiveCfg = Ad-Hoc|iPhone
		{39C436C5-1E38-4E3B-8B91-84F0829B96CA}.Ad-Hoc|iPhone.Build.0 = Ad-Hoc|iPhone
		{39C436C5-1E38-4E3B-8B91-84F0829B96CA}.AppStore|iPhone.ActiveCfg = AppStore|iPhone
		{39C436C5-1E38-4E3B-8B91-84F0829B96CA}.AppStore|iPhone.Build.0 = AppStore|iPhone
	EndGlobalSection
	GlobalSection(SolutionProperties) = preSolution
		HideSolutionNode = FALSE
	EndGlobalSection
	GlobalSection(ExtensibilityGlobals) = postSolution
		SolutionGuid = {4762C18B-4A05-4649-AE71-7B735A1C940F}
	EndGlobalSection
EndGlobal
